
Microsoft Visual Studio Solution File, Format Version 12.00
# Visual Studio Version 17
VisualStudioVersion = 17.7.34221.43
MinimumVisualStudioVersion = 10.0.40219.1
Project("{FAE04EC0-301F-11D3-BF4B-00C04F79EFBC}") = "ShipsModern", "ShipsModern\ShipsModern.csproj", "{68BD38AC-97E1-457D-811D-905105D4A08C}"
EndProject
Global
	GlobalSection(SolutionConfigurationPlatforms) = preSolution
		Debug|Any CPU = Debug|Any CPU
		Release|Any CPU = Release|Any CPU
	EndGlobalSection
	GlobalSection(ProjectConfigurationPlatforms) = postSolution
		{68BD38AC-97E1-457D-811D-905105D4A08C}.Debug|Any CPU.ActiveCfg = Debug|Any CPU
		{68BD38AC-97E1-457D-811D-905105D4A08C}.Debug|Any CPU.Build.0 = Debug|Any CPU
		{68BD38AC-97E1-457D-811D-905105D4A08C}.Release|Any CPU.ActiveCfg = Release|Any CPU
		{68BD38AC-97E1-457D-811D-905105D4A08C}.Release|Any CPU.Build.0 = Release|Any CPU
	EndGlobalSection
	GlobalSection(SolutionProperties) = preSolution
		HideSolutionNode = FALSE
	EndGlobalSection
	GlobalSection(ExtensibilityGlobals) = postSolution
		SolutionGuid = {2020BBE3-DABB-4679-B596-6AF6E8141576}
	EndGlobalSection
EndGlobal
